
Microsoft Visual Studio Solution File, Format Version 12.00
# Visual Studio 15
VisualStudioVersion = 15.0.28307.1433
MinimumVisualStudioVersion = 10.0.40219.1
Project("{FAE04EC0-301F-11D3-BF4B-00C04F79EFBC}") = "EstacionesServicio", "EstacionesServicio\EstacionesServicio.csproj", "{3AB054BB-8FF8-40B9-A07D-60E7FF9279DD}"
EndProject
Project("{FAE04EC0-301F-11D3-BF4B-00C04F79EFBC}") = "EstacionesServicioDAL", "EstacionesServicioDAL\EstacionesServicioDAL.csproj", "{19D4052F-125A-48F4-9AA1-40ED9E885AEC}"
EndProject
Global
	GlobalSection(SolutionConfigurationPlatforms) = preSolution
		Debug|Any CPU = Debug|Any CPU
		Release|Any CPU = Release|Any CPU
	EndGlobalSection
	GlobalSection(ProjectConfigurationPlatforms) = postSolution
		{3AB054BB-8FF8-40B9-A07D-60E7FF9279DD}.Debug|Any CPU.ActiveCfg = Debug|Any CPU
		{3AB054BB-8FF8-40B9-A07D-60E7FF9279DD}.Debug|Any CPU.Build.0 = Debug|Any CPU
		{3AB054BB-8FF8-40B9-A07D-60E7FF9279DD}.Release|Any CPU.ActiveCfg = Release|Any CPU
		{3AB054BB-8FF8-40B9-A07D-60E7FF9279DD}.Release|Any CPU.Build.0 = Release|Any CPU
		{19D4052F-125A-48F4-9AA1-40ED9E885AEC}.Debug|Any CPU.ActiveCfg = Debug|Any CPU
		{19D4052F-125A-48F4-9AA1-40ED9E885AEC}.Debug|Any CPU.Build.0 = Debug|Any CPU
		{19D4052F-125A-48F4-9AA1-40ED9E885AEC}.Release|Any CPU.ActiveCfg = Release|Any CPU
		{19D4052F-125A-48F4-9AA1-40ED9E885AEC}.Release|Any CPU.Build.0 = Release|Any CPU
	EndGlobalSection
	GlobalSection(SolutionProperties) = preSolution
		HideSolutionNode = FALSE
	EndGlobalSection
	GlobalSection(ExtensibilityGlobals) = postSolution
		SolutionGuid = {163D98C9-9AFD-4AC1-A114-8384D1895358}
	EndGlobalSection
EndGlobal
